
Microsoft Visual Studio Solution File, Format Version 12.00
# Visual Studio 15
VisualStudioVersion = 15.0.27130.2027
MinimumVisualStudioVersion = 10.0.40219.1
Project("{FAE04EC0-301F-11D3-BF4B-00C04F79EFBC}") = "Brackets", "Brackets\Brackets.csproj", "{BE49EF64-49B3-4BAB-BFC8-253ED0CD5F03}"
EndProject
Global
	GlobalSection(SolutionConfigurationPlatforms) = preSolution
		Debug|Any CPU = Debug|Any CPU
		Release|Any CPU = Release|Any CPU
	EndGlobalSection
	GlobalSection(ProjectConfigurationPlatforms) = postSolution
		{BE49EF64-49B3-4BAB-BFC8-253ED0CD5F03}.Debug|Any CPU.ActiveCfg = Debug|Any CPU
		{BE49EF64-49B3-4BAB-BFC8-253ED0CD5F03}.Debug|Any CPU.Build.0 = Debug|Any CPU
		{BE49EF64-49B3-4BAB-BFC8-253ED0CD5F03}.Release|Any CPU.ActiveCfg = Release|Any CPU
		{BE49EF64-49B3-4BAB-BFC8-253ED0CD5F03}.Release|Any CPU.Build.0 = Release|Any CPU
	EndGlobalSection
	GlobalSection(SolutionProperties) = preSolution
		HideSolutionNode = FALSE
	EndGlobalSection
	GlobalSection(ExtensibilityGlobals) = postSolution
		SolutionGuid = {FBAB2451-4804-44F5-AD68-BAEA818A8CE0}
	EndGlobalSection
EndGlobal
